<?xml version="1.0" encoding="utf-8"?>
<Project ToolsVersion="4.0" xmlns="http://schemas.microsoft.com/developer/msbuild/2003">
  <ItemGroup>
    <Filter Include="Main">
      <UniqueIdentifier>{4FC737F1-C7A5-4376-A066-2A32D752A2FF}</UniqueIdentifier>
      <Extensions>cpp;c;cc;cxx;def;odl;idl;hpj;bat;asm;asmx</Extensions>
    </Filter>
    <Filter Include="EngineCode">
      <UniqueIdentifier>{071f52a7-0570-4476-8d90-cadea3a6c782}</UniqueIdentifier>
    </Filter>
    <Filter Include="EngineCode\Math">
      <UniqueIdentifier>{5eb4a917-73d3-4f36-a769-4b157a8bf285}</UniqueIdentifier>
    </Filter>
    <Filter Include="EngineCode\Window">
      <UniqueIdentifier>{6e2eef73-b0a1-415b-bb9e-16de01bedee3}</UniqueIdentifier>
    </Filter>
    <Filter Include="EngineCode\Input">
      <UniqueIdentifier>{850eccef-028d-4d6a-9a2d-12aacd02369a}</UniqueIdentifier>
    </Filter>
    <Filter Include="EngineCode\Time">
      <UniqueIdentifier>{c3565f64-81cd-43f1-a4c2-39efeb832683}</UniqueIdentifier>
    </Filter>
    <Filter Include="GameCode">
      <UniqueIdentifier>{cc060943-1915-4dc0-a737-0248c82e91c0}</UniqueIdentifier>
    </Filter>
  </ItemGroup>
  <ItemGroup>
    <Text Include="ReadMe.txt" />
  </ItemGroup>
  <ItemGroup>
    <ClCompile Include="BroEngine.cpp">
      <Filter>Main</Filter>
    </ClCompile>
    <ClCompile Include="EngineCode\Math\IntVector2.cpp">
      <Filter>EngineCode\Math</Filter>
    </ClCompile>
    <ClCompile Include="EngineCode\Math\FloatVector2.cpp">
      <Filter>EngineCode\Math</Filter>
    </ClCompile>
    <ClCompile Include="EngineCode\Math\IntVector3.cpp">
      <Filter>EngineCode\Math</Filter>
    </ClCompile>
    <ClCompile Include="EngineCode\Math\FloatVector3.cpp">
      <Filter>EngineCode\Math</Filter>
    </ClCompile>
    <ClCompile Include="Main\BaseApp.cpp">
      <Filter>Main</Filter>
    </ClCompile>
    <ClCompile Include="Main\Win32OpenGLApp.cpp">
      <Filter>Main</Filter>
    </ClCompile>
    <ClCompile Include="EngineCode\Window\BaseWindow.cpp">
      <Filter>EngineCode\Window</Filter>
    </ClCompile>
    <ClCompile Include="EngineCode\Window\Win32Window.cpp">
      <Filter>EngineCode\Window</Filter>
    </ClCompile>
    <ClCompile Include="EngineCode\Input\InputSystem.cpp">
      <Filter>EngineCode\Input</Filter>
    </ClCompile>
    <ClCompile Include="EngineCode\Time\Time.cpp">
      <Filter>EngineCode\Time</Filter>
    </ClCompile>
    <ClCompile Include="GameCode\Game.cpp">
      <Filter>GameCode</Filter>
    </ClCompile>
  </ItemGroup>
  <ItemGroup>
    <ClInclude Include="EngineCode\Math\IntVector2.hpp">
      <Filter>EngineCode\Math</Filter>
    </ClInclude>
    <ClInclude Include="EngineCode\Math\FloatVector2.hpp">
      <Filter>EngineCode\Math</Filter>
    </ClInclude>
    <ClInclude Include="EngineCode\Math\IntVector3.hpp">
      <Filter>EngineCode\Math</Filter>
    </ClInclude>
    <ClInclude Include="EngineCode\Math\FloatVector3.hpp">
      <Filter>EngineCode\Math</Filter>
    </ClInclude>
    <ClInclude Include="Main\BaseApp.hpp">
      <Filter>Main</Filter>
    </ClInclude>
    <ClInclude Include="Main\Win32OpenGLApp.hpp">
      <Filter>Main</Filter>
    </ClInclude>
    <ClInclude Include="EngineCode\Window\BaseWindow.hpp">
      <Filter>EngineCode\Window</Filter>
    </ClInclude>
    <ClInclude Include="EngineCode\Window\Win32Window.hpp">
      <Filter>EngineCode\Window</Filter>
    </ClInclude>
    <ClInclude Include="EngineCode\Input\InputSystem.hpp">
      <Filter>EngineCode\Input</Filter>
    </ClInclude>
    <ClInclude Include="EngineCode\Time\Time.hpp">
      <Filter>EngineCode\Time</Filter>
    </ClInclude>
    <ClInclude Include="GameCode\Game.hpp">
      <Filter>GameCode</Filter>
    </ClInclude>
  </ItemGroup>
</Project>