<?xml version="1.0" encoding="utf-8"?>
<Project ToolsVersion="4.0" xmlns="http://schemas.microsoft.com/developer/msbuild/2003">
  <ItemGroup>
    <Filter Include="Main">
      <UniqueIdentifier>{4FC737F1-C7A5-4376-A066-2A32D752A2FF}</UniqueIdentifier>
      <Extensions>cpp;c;cc;cxx;def;odl;idl;hpj;bat;asm;asmx</Extensions>
    </Filter>
    <Filter Include="EngineCode">
      <UniqueIdentifier>{071f52a7-0570-4476-8d90-cadea3a6c782}</UniqueIdentifier>
    </Filter>
    <Filter Include="EngineCode\Math">
      <UniqueIdentifier>{5eb4a917-73d3-4f36-a769-4b157a8bf285}</UniqueIdentifier>
    </Filter>
    <Filter Include="EngineCode\Timer">
      <UniqueIdentifier>{f0b0d8a9-af06-4749-85a0-c2af3c306d55}</UniqueIdentifier>
    </Filter>
    <Filter Include="EngineCode\Profiler">
      <UniqueIdentifier>{02f79766-a1aa-411a-8ec0-7f26a1ec61fc}</UniqueIdentifier>
    </Filter>
  </ItemGroup>
  <ItemGroup>
    <Text Include="ReadMe.txt" />
  </ItemGroup>
  <ItemGroup>
    <ClCompile Include="BroEngine.cpp">
      <Filter>Main</Filter>
    </ClCompile>
    <ClCompile Include="EngineCode\Math\IntVector2.cpp">
      <Filter>EngineCode\Math</Filter>
    </ClCompile>
    <ClCompile Include="EngineCode\Math\FloatVector2.cpp">
      <Filter>EngineCode\Math</Filter>
    </ClCompile>
  </ItemGroup>
  <ItemGroup>
    <ClInclude Include="EngineCode\Math\IntVector2.hpp">
      <Filter>EngineCode\Math</Filter>
    </ClInclude>
    <ClInclude Include="EngineCode\Math\FloatVector2.hpp">
      <Filter>EngineCode\Math</Filter>
    </ClInclude>
  </ItemGroup>
</Project>